
Microsoft Visual Studio Solution File, Format Version 12.00
# Visual Studio Version 17
VisualStudioVersion = 17.14.36221.1 d17.14
MinimumVisualStudioVersion = 10.0.40219.1
Project("{54435603-DBB4-11D2-8724-00A0C9A8B90C}") = "MicroSignSetup", "MicroSignSetup\MicroSignSetup.vdproj", "{23AEF740-5D4A-D5E3-45DC-6F676FA83247}"
EndProject
Project("{FAE04EC0-301F-11D3-BF4B-00C04F79EFBC}") = "MicroSign", "..\MicroSign\MicroSign\MicroSign.csproj", "{EFF3F8E8-6849-9CAA-03E0-8034723015A2}"
EndProject
Project("{FAE04EC0-301F-11D3-BF4B-00C04F79EFBC}") = "MicroSign.Core", "..\MicroSign.Core\MicroSign.Core\MicroSign.Core.csproj", "{9CD6D69B-443E-CBE8-CB46-62719A80906C}"
EndProject
Global
	GlobalSection(SolutionConfigurationPlatforms) = preSolution
		Debug|Any CPU = Debug|Any CPU
		Release|Any CPU = Release|Any CPU
	EndGlobalSection
	GlobalSection(ProjectConfigurationPlatforms) = postSolution
		{23AEF740-5D4A-D5E3-45DC-6F676FA83247}.Debug|Any CPU.ActiveCfg = Debug
		{23AEF740-5D4A-D5E3-45DC-6F676FA83247}.Debug|Any CPU.Build.0 = Debug
		{23AEF740-5D4A-D5E3-45DC-6F676FA83247}.Release|Any CPU.ActiveCfg = Release
		{23AEF740-5D4A-D5E3-45DC-6F676FA83247}.Release|Any CPU.Build.0 = Release
		{EFF3F8E8-6849-9CAA-03E0-8034723015A2}.Debug|Any CPU.ActiveCfg = Debug|Any CPU
		{EFF3F8E8-6849-9CAA-03E0-8034723015A2}.Debug|Any CPU.Build.0 = Debug|Any CPU
		{EFF3F8E8-6849-9CAA-03E0-8034723015A2}.Release|Any CPU.ActiveCfg = Release|Any CPU
		{EFF3F8E8-6849-9CAA-03E0-8034723015A2}.Release|Any CPU.Build.0 = Release|Any CPU
		{9CD6D69B-443E-CBE8-CB46-62719A80906C}.Debug|Any CPU.ActiveCfg = Debug|Any CPU
		{9CD6D69B-443E-CBE8-CB46-62719A80906C}.Debug|Any CPU.Build.0 = Debug|Any CPU
		{9CD6D69B-443E-CBE8-CB46-62719A80906C}.Release|Any CPU.ActiveCfg = Release|Any CPU
		{9CD6D69B-443E-CBE8-CB46-62719A80906C}.Release|Any CPU.Build.0 = Release|Any CPU
	EndGlobalSection
	GlobalSection(SolutionProperties) = preSolution
		HideSolutionNode = FALSE
	EndGlobalSection
	GlobalSection(ExtensibilityGlobals) = postSolution
		SolutionGuid = {7EDC999D-3AD2-4C8C-B616-A4BAC7E81B60}
	EndGlobalSection
EndGlobal
